<?xml version="1.0" encoding="UTF-8"?>
<CONFIG>
  <ProjectOptions>
    <Version Value="12"/>
    <PathDelim Value="\"/>
    <General>
      <Flags>
        <CompatibilityMode Value="True"/>
      </Flags>
      <SessionStorage Value="InProjectDir"/>
      <Title Value="htmlbuilder"/>
      <ResourceType Value="res"/>
      <UseXPManifest Value="True"/>
      <XPManifest>
        <TextName Value="ru.artnazarov.htmlbuilder"/>
        <TextDesc Value="Static website generator with local webserver and ftp updater "/>
      </XPManifest>
      <Icon Value="0"/>
    </General>
    <i18n>
      <EnableI18N LFM="False"/>
    </i18n>
    <VersionInfo>
      <UseVersionInfo Value="True"/>
      <AutoIncrementBuild Value="True"/>
      <MinorVersionNr Value="3"/>
      <RevisionNr Value="5"/>
      <BuildNr Value="167"/>
      <Language Value="0419"/>
      <Attributes pvaPreRelease="True"/>
      <StringTable CompanyName="https://htmlbuilder.onhalt.site" LegalCopyright="Artyom Nazarov (https://artnazarov.github.io)" ProductName="HtmlBuilder"/>
    </VersionInfo>
    <BuildModes Count="1">
      <Item1 Name="Default" Default="True"/>
    </BuildModes>
    <PublishOptions>
      <Version Value="2"/>
    </PublishOptions>
    <RunParams>
      <FormatVersion Value="2"/>
      <Modes Count="1">
        <Mode0 Name="default"/>
      </Modes>
    </RunParams>
    <RequiredPackages Count="12">
      <Item1>
        <PackageName Value="laz_synapse"/>
      </Item1>
      <Item2>
        <PackageName Value="editor_css_window"/>
      </Item2>
      <Item3>
        <PackageName Value="editor_js_window"/>
      </Item3>
      <Item4>
        <PackageName Value="Editor_Html_Window"/>
      </Item4>
      <Item5>
        <PackageName Value="SQLDBLaz"/>
      </Item5>
      <Item6>
        <PackageName Value="TurboPowerIPro"/>
      </Item6>
      <Item7>
        <PackageName Value="LazUtils"/>
      </Item7>
      <Item8>
        <PackageName Value="DateTimeCtrls"/>
      </Item8>
      <Item9>
        <PackageName Value="SynEdit"/>
      </Item9>
      <Item10>
        <PackageName Value="DBFLaz"/>
      </Item10>
      <Item11>
        <PackageName Value="FCL"/>
      </Item11>
      <Item12>
        <PackageName Value="LCL"/>
      </Item12>
    </RequiredPackages>
    <Units Count="36">
      <Unit0>
        <Filename Value="htmlbuilder.lpr"/>
        <IsPartOfProject Value="True"/>
      </Unit0>
      <Unit1>
        <Filename Value="main.pas"/>
        <IsPartOfProject Value="True"/>
        <ComponentName Value="Form1"/>
        <HasResources Value="True"/>
        <ResourceBaseClass Value="Form"/>
      </Unit1>
      <Unit2>
        <Filename Value="db_helpers.pas"/>
        <IsPartOfProject Value="True"/>
      </Unit2>
      <Unit3>
        <Filename Value="db_insertdemo.pas"/>
        <IsPartOfProject Value="True"/>
      </Unit3>
      <Unit4>
        <Filename Value="db_create_tables.pas"/>
        <IsPartOfProject Value="True"/>
      </Unit4>
      <Unit5>
        <Filename Value="replacers.pas"/>
        <IsPartOfProject Value="True"/>
      </Unit5>
      <Unit6>
        <Filename Value="editor_in_window.pas"/>
        <IsPartOfProject Value="True"/>
        <ComponentName Value="frmEditor"/>
        <HasResources Value="True"/>
        <ResourceBaseClass Value="Form"/>
      </Unit6>
      <Unit7>
        <Filename Value="editor_css.pas"/>
        <IsPartOfProject Value="True"/>
        <ComponentName Value="frmEditorCss"/>
        <HasResources Value="True"/>
        <ResourceBaseClass Value="Form"/>
      </Unit7>
      <Unit8>
        <Filename Value="editor_js.pas"/>
        <IsPartOfProject Value="True"/>
        <ComponentName Value="frmEditorJs"/>
        <HasResources Value="True"/>
        <ResourceBaseClass Value="Form"/>
      </Unit8>
      <Unit9>
        <Filename Value="css_props_dlg.pas"/>
        <IsPartOfProject Value="True"/>
        <ComponentName Value="frmCssProps"/>
        <HasResources Value="True"/>
        <ResourceBaseClass Value="Form"/>
      </Unit9>
      <Unit10>
        <Filename Value="sitemap_thread.pas"/>
        <IsPartOfProject Value="True"/>
      </Unit10>
      <Unit11>
        <Filename Value="selectortagspages.pas"/>
        <IsPartOfProject Value="True"/>
        <UnitName Value="selectorTagsPages"/>
      </Unit11>
      <Unit12>
        <Filename Value="types_for_app.pas"/>
        <IsPartOfProject Value="True"/>
      </Unit12>
      <Unit13>
        <Filename Value="const_for_app.pas"/>
        <IsPartOfProject Value="True"/>
      </Unit13>
      <Unit14>
        <Filename Value="sql_tags_for_all.txt"/>
        <IsPartOfProject Value="True"/>
      </Unit14>
      <Unit15>
        <Filename Value="sql_tags_for_page.txt"/>
        <IsPartOfProject Value="True"/>
      </Unit15>
      <Unit16>
        <Filename Value="sql_pages_by_tag.txt"/>
        <IsPartOfProject Value="True"/>
      </Unit16>
      <Unit17>
        <Filename Value="selectors_for_menu.pas"/>
        <IsPartOfProject Value="True"/>
      </Unit17>
      <Unit18>
        <Filename Value="renderhtml.pas"/>
        <IsPartOfProject Value="True"/>
        <UnitName Value="RenderHtml"/>
      </Unit18>
      <Unit19>
        <Filename Value="asyncqueue.pas"/>
        <IsPartOfProject Value="True"/>
        <UnitName Value="AsyncQueue"/>
      </Unit19>
      <Unit20>
        <Filename Value="storing_attachments.pas"/>
        <IsPartOfProject Value="True"/>
      </Unit20>
      <Unit21>
        <Filename Value="fontsettings.pas"/>
        <IsPartOfProject Value="True"/>
        <UnitName Value="FontSettings"/>
      </Unit21>
      <Unit22>
        <Filename Value="selection_history_dialog.pas"/>
        <IsPartOfProject Value="True"/>
        <ComponentName Value="frmSelectionHistory"/>
        <HasResources Value="True"/>
        <ResourceBaseClass Value="Form"/>
      </Unit22>
      <Unit23>
        <Filename Value="selection_history_manager.pas"/>
        <IsPartOfProject Value="True"/>
      </Unit23>
      <Unit24>
        <Filename Value="emoji_shortcodes.pas"/>
        <IsPartOfProject Value="True"/>
      </Unit24>
      <Unit25>
        <Filename Value="func_str_composition.pas"/>
        <IsPartOfProject Value="True"/>
      </Unit25>
      <Unit26>
        <Filename Value="chat_client_thread.pas"/>
        <IsPartOfProject Value="True"/>
      </Unit26>
      <Unit27>
        <Filename Value="replcallfunc.pas"/>
        <IsPartOfProject Value="True"/>
        <UnitName Value="ReplCallFunc"/>
      </Unit27>
      <Unit28>
        <Filename Value="sitestats.pas"/>
        <IsPartOfProject Value="True"/>
        <UnitName Value="SiteStats"/>
      </Unit28>
      <Unit29>
        <Filename Value="dbmemo_autocomplete.pas"/>
        <IsPartOfProject Value="True"/>
      </Unit29>
      <Unit30>
        <Filename Value="internal_backlinks.pas"/>
        <IsPartOfProject Value="True"/>
      </Unit30>
      <Unit31>
        <Filename Value="random_data.pas"/>
        <IsPartOfProject Value="True"/>
      </Unit31>
      <Unit32>
        <Filename Value="rss_feed.pas"/>
        <IsPartOfProject Value="True"/>
      </Unit32>
      <Unit33>
        <Filename Value="url_constr.pas"/>
        <IsPartOfProject Value="True"/>
      </Unit33>
      <Unit34>
        <Filename Value="launch_web_servers.pas"/>
        <IsPartOfProject Value="True"/>
      </Unit34>
      <Unit35>
        <Filename Value="render_custom_request.pas"/>
        <IsPartOfProject Value="True"/>
      </Unit35>
    </Units>
  </ProjectOptions>
  <CompilerOptions>
    <Version Value="11"/>
    <PathDelim Value="\"/>
    <Target>
      <Filename Value="htmlbuilder"/>
    </Target>
    <SearchPaths>
      <IncludeFiles Value="$(ProjOutDir)"/>
      <UnitOutputDirectory Value="lib\$(TargetCPU)-$(TargetOS)"/>
    </SearchPaths>
    <CodeGeneration>
      <SmartLinkUnit Value="True"/>
      <Checks>
        <RangeChecks Value="True"/>
      </Checks>
      <TargetCPU Value="x86_64"/>
      <TargetOS Value="linux"/>
      <Optimizations>
        <OptimizationLevel Value="0"/>
      </Optimizations>
    </CodeGeneration>
    <Linking>
      <Debugging>
        <DebugInfoType Value="dsDwarf3"/>
        <UseValgrind Value="True"/>
        <UseExternalDbgSyms Value="True"/>
      </Debugging>
      <LinkSmart Value="True"/>
    </Linking>
    <Other>
      <Verbosity>
        <ShowLineNum Value="True"/>
        <ShowDebugInfo Value="True"/>
      </Verbosity>
      <CustomOptions Value="-dUseCThreads"/>
      <OtherDefines Count="1">
        <Define0 Value="UseCThreads"/>
      </OtherDefines>
    </Other>
  </CompilerOptions>
  <Debugging>
    <Exceptions Count="3">
      <Item1>
        <Name Value="EAbort"/>
      </Item1>
      <Item2>
        <Name Value="ECodetoolError"/>
      </Item2>
      <Item3>
        <Name Value="EFOpenError"/>
      </Item3>
    </Exceptions>
  </Debugging>
</CONFIG>
