{
  "name": "odysseus",
  "lockfileVersion": 3,
  "requires": true,
  "packages": {
    "": {
      "devDependencies": {
        "@antithesishq/bombadil": "^0.6.1"
      }
    },
    "node_modules/@antithesishq/bombadil": {
      "version": "0.6.1",
      "resolved": "https://registry.npmjs.org/@antithesishq/bombadil/-/bombadil-0.6.1.tgz",
      "integrity": "sha512-d1iufG3MI7gSMSiSmMeNdcMW+qR0yQXL2zdkVynC3n3DYgFJYlYXKUQzygmqU12m4RWlR5iOdQU1hsx5UT6+IA==",
      "dev": true,
      "license": "MIT",
      "bin": {
        "bombadil": "bin/bombadil.js"
      }
    }
  }
}
