# This file was autogenerated by uv via the following command:
#    uv pip compile requirements.txt -o /home/petrouil/tmp3/odysseus-ai-git/requirements.lock
annotated-doc==0.0.4
    # via
    #   fastapi
    #   typer
annotated-types==0.7.0
    # via pydantic
anyio==4.13.0
    # via
    #   httpx
    #   mcp
    #   sse-starlette
    #   starlette
attrs==26.1.0
    # via
    #   jsonschema
    #   referencing
bcrypt==5.0.0
    # via -r requirements.txt
beautifulsoup4==4.14.3
    # via -r requirements.txt
caldav==3.2.1
    # via -r requirements.txt
certifi==2026.5.20
    # via
    #   httpcore
    #   httpx
    #   requests
cffi==2.0.0
    # via cryptography
charset-normalizer==3.4.7
    # via
    #   -r requirements.txt
    #   niquests
    #   requests
chromadb-client==1.5.9
    # via -r requirements.txt
click==8.4.1
    # via
    #   huggingface-hub
    #   typer
    #   uvicorn
    #   x-wr-timezone
croniter==6.2.2
    # via -r requirements.txt
cryptography==48.0.0
    # via
    #   -r requirements.txt
    #   pyjwt
defusedxml==0.7.1
    # via youtube-transcript-api
dnspython==2.8.0
    # via caldav
fastapi==0.136.3
    # via -r requirements.txt
fastembed==0.8.0
    # via -r requirements.txt
filelock==3.29.1
    # via huggingface-hub
flatbuffers==25.12.19
    # via onnxruntime
fsspec==2026.4.0
    # via huggingface-hub
googleapis-common-protos==1.75.0
    # via opentelemetry-exporter-otlp-proto-grpc
greenlet==3.5.1
    # via sqlalchemy
grpcio==1.81.0
    # via opentelemetry-exporter-otlp-proto-grpc
h11==0.16.0
    # via
    #   httpcore
    #   urllib3-future
    #   uvicorn
hf-xet==1.5.0
    # via huggingface-hub
httpcore==1.0.9
    # via httpx
httpx==0.28.1
    # via
    #   -r requirements.txt
    #   chromadb-client
    #   huggingface-hub
    #   mcp
httpx-sse==0.4.3
    # via mcp
huggingface-hub==1.18.0
    # via
    #   fastembed
    #   tokenizers
icalendar==7.1.2
    # via
    #   -r requirements.txt
    #   caldav
    #   icalendar-searcher
    #   recurring-ical-events
    #   x-wr-timezone
icalendar-searcher==1.0.6
    # via caldav
idna==3.18
    # via
    #   anyio
    #   httpx
    #   requests
iniconfig==2.3.0
    # via pytest
jh2==5.0.13
    # via urllib3-future
jsonschema==4.26.0
    # via
    #   chromadb-client
    #   mcp
jsonschema-specifications==2025.9.1
    # via jsonschema
loguru==0.7.3
    # via fastembed
lxml==6.1.1
    # via caldav
markdown==3.10.2
    # via -r requirements.txt
markdown-it-py==4.2.0
    # via rich
mcp==1.27.2
    # via -r requirements.txt
mdurl==0.1.2
    # via markdown-it-py
mmh3==5.2.1
    # via fastembed
nh3==0.3.5
    # via -r requirements.txt
niquests==3.19.0
    # via caldav
numpy==2.4.6
    # via
    #   -r requirements.txt
    #   chromadb-client
    #   fastembed
    #   onnxruntime
onnxruntime==1.26.0
    # via fastembed
opentelemetry-api==1.42.1
    # via
    #   chromadb-client
    #   opentelemetry-exporter-otlp-proto-grpc
    #   opentelemetry-sdk
    #   opentelemetry-semantic-conventions
opentelemetry-exporter-otlp-proto-common==1.42.1
    # via opentelemetry-exporter-otlp-proto-grpc
opentelemetry-exporter-otlp-proto-grpc==1.42.1
    # via chromadb-client
opentelemetry-proto==1.42.1
    # via
    #   opentelemetry-exporter-otlp-proto-common
    #   opentelemetry-exporter-otlp-proto-grpc
opentelemetry-sdk==1.42.1
    # via
    #   chromadb-client
    #   opentelemetry-exporter-otlp-proto-grpc
opentelemetry-semantic-conventions==0.63b1
    # via opentelemetry-sdk
orjson==3.11.9
    # via chromadb-client
overrides==7.7.0
    # via chromadb-client
packaging==26.2
    # via
    #   huggingface-hub
    #   onnxruntime
    #   pytest
pillow==12.2.0
    # via
    #   fastembed
    #   qrcode
pluggy==1.6.0
    # via pytest
protobuf==6.33.6
    # via
    #   googleapis-common-protos
    #   onnxruntime
    #   opentelemetry-proto
py-rust-stemmers==0.1.8
    # via fastembed
pybase64==1.4.3
    # via chromadb-client
pycparser==3.0
    # via cffi
pydantic==2.13.4
    # via
    #   -r requirements.txt
    #   chromadb-client
    #   fastapi
    #   mcp
    #   pydantic-settings
pydantic-core==2.46.4
    # via pydantic
pydantic-settings==2.14.1
    # via
    #   -r requirements.txt
    #   chromadb-client
    #   mcp
pygments==2.20.0
    # via
    #   pytest
    #   rich
pyjwt==2.13.0
    # via mcp
pyotp==2.9.0
    # via -r requirements.txt
pypdf==6.13.0
    # via -r requirements.txt
pytest==9.0.3
    # via
    #   -r requirements.txt
    #   pytest-asyncio
pytest-asyncio==1.4.0
    # via -r requirements.txt
python-dateutil==2.9.0.post0
    # via
    #   -r requirements.txt
    #   caldav
    #   croniter
    #   icalendar
    #   recurring-ical-events
python-dotenv==1.2.2
    # via
    #   -r requirements.txt
    #   pydantic-settings
python-multipart==0.0.32
    # via
    #   -r requirements.txt
    #   mcp
pyyaml==6.0.3
    # via
    #   caldav
    #   chromadb-client
    #   huggingface-hub
qh3==1.9.2
    # via urllib3-future
qrcode==8.2
    # via -r requirements.txt
recurring-ical-events==3.8.2
    # via
    #   caldav
    #   icalendar-searcher
referencing==0.37.0
    # via
    #   jsonschema
    #   jsonschema-specifications
requests==2.34.2
    # via
    #   fastembed
    #   youtube-transcript-api
rich==15.0.0
    # via typer
rpds-py==2026.5.1
    # via
    #   jsonschema
    #   referencing
shellingham==1.5.4
    # via typer
six==1.17.0
    # via python-dateutil
soupsieve==2.8.4
    # via beautifulsoup4
sqlalchemy==2.0.50
    # via -r requirements.txt
sse-starlette==3.4.4
    # via mcp
starlette==1.2.1
    # via
    #   fastapi
    #   mcp
    #   sse-starlette
tenacity==9.1.4
    # via chromadb-client
tokenizers==0.23.1
    # via fastembed
tqdm==4.68.1
    # via
    #   fastembed
    #   huggingface-hub
typer==0.25.1
    # via huggingface-hub
typing-extensions==4.15.0
    # via
    #   beautifulsoup4
    #   chromadb-client
    #   fastapi
    #   grpcio
    #   huggingface-hub
    #   mcp
    #   opentelemetry-api
    #   opentelemetry-exporter-otlp-proto-grpc
    #   opentelemetry-sdk
    #   opentelemetry-semantic-conventions
    #   pydantic
    #   pydantic-core
    #   sqlalchemy
    #   typing-inspection
typing-inspection==0.4.2
    # via
    #   fastapi
    #   mcp
    #   pydantic
    #   pydantic-settings
tzdata==2026.2
    # via
    #   icalendar
    #   recurring-ical-events
    #   x-wr-timezone
urllib3==2.7.0
    # via requests
urllib3-future==2.21.902
    # via niquests
uvicorn==0.49.0
    # via
    #   -r requirements.txt
    #   mcp
wassima==2.1.0
    # via niquests
x-wr-timezone==2.0.1
    # via recurring-ical-events
youtube-transcript-api==1.2.4
    # via -r requirements.txt
