version = 1
revision = 3
requires-python = ">=3.12"

[[package]]
name = "awesomeversion"
version = "25.5.0"
source = { registry = "https://pypi.org/simple" }
sdist = { url = "https://files.pythonhosted.org/packages/5e/95/bd19ef0ef6735bd7131c0310f71432ea5fdf3dc2b3245a262d1f34bae55e/awesomeversion-25.5.0.tar.gz", hash = "sha256:d64c9f3579d2f60a5aa506a9dd0b38a74ab5f45e04800f943a547c1102280f31", size = 11693, upload-time = "2025-05-29T12:38:02.352Z" }
wheels = [
    { url = "https://files.pythonhosted.org/packages/dd/99/dc26ce0845a99f90fd99464a1d9124d5eacaa8bac92072af059cf002def4/awesomeversion-25.5.0-py3-none-any.whl", hash = "sha256:34a676ae10e10d3a96829fcc890a1d377fe1a7a2b98ee19951631951c2aebff6", size = 13998, upload-time = "2025-05-29T12:38:01.127Z" },
]

[[package]]
name = "azure-storage-fuse"
version = "2.5.0"
source = { virtual = "." }
dependencies = [
    { name = "awesomeversion" },
    { name = "httpie" },
    { name = "nvchecker" },
]

[package.metadata]
requires-dist = [
    { name = "awesomeversion", specifier = ">=25.5.0" },
    { name = "httpie", specifier = ">=3.2.4" },
    { name = "nvchecker", specifier = ">=2.16" },
]

[[package]]
name = "certifi"
version = "2025.4.26"
source = { registry = "https://pypi.org/simple" }
sdist = { url = "https://files.pythonhosted.org/packages/e8/9e/c05b3920a3b7d20d3d3310465f50348e5b3694f4f88c6daf736eef3024c4/certifi-2025.4.26.tar.gz", hash = "sha256:0a816057ea3cdefcef70270d2c515e4506bbc954f417fa5ade2021213bb8f0c6", size = 160705, upload-time = "2025-04-26T02:12:29.51Z" }
wheels = [
    { url = "https://files.pythonhosted.org/packages/4a/7e/3db2bd1b1f9e95f7cddca6d6e75e2f2bd9f51b1246e546d88addca0106bd/certifi-2025.4.26-py3-none-any.whl", hash = "sha256:30350364dfe371162649852c63336a15c70c6510c2ad5015b21c2345311805f3", size = 159618, upload-time = "2025-04-26T02:12:27.662Z" },
]

[[package]]
name = "charset-normalizer"
version = "3.4.2"
source = { registry = "https://pypi.org/simple" }
sdist = { url = "https://files.pythonhosted.org/packages/e4/33/89c2ced2b67d1c2a61c19c6751aa8902d46ce3dacb23600a283619f5a12d/charset_normalizer-3.4.2.tar.gz", hash = "sha256:5baececa9ecba31eff645232d59845c07aa030f0c81ee70184a90d35099a0e63", size = 126367, upload-time = "2025-05-02T08:34:42.01Z" }
wheels = [
    { url = "https://files.pythonhosted.org/packages/d7/a4/37f4d6035c89cac7930395a35cc0f1b872e652eaafb76a6075943754f095/charset_normalizer-3.4.2-cp312-cp312-macosx_10_13_universal2.whl", hash = "sha256:0c29de6a1a95f24b9a1aa7aefd27d2487263f00dfd55a77719b530788f75cff7", size = 199936, upload-time = "2025-05-02T08:32:33.712Z" },
    { url = "https://files.pythonhosted.org/packages/ee/8a/1a5e33b73e0d9287274f899d967907cd0bf9c343e651755d9307e0dbf2b3/charset_normalizer-3.4.2-cp312-cp312-manylinux_2_17_aarch64.manylinux2014_aarch64.whl", hash = "sha256:cddf7bd982eaa998934a91f69d182aec997c6c468898efe6679af88283b498d3", size = 143790, upload-time = "2025-05-02T08:32:35.768Z" },
    { url = "https://files.pythonhosted.org/packages/66/52/59521f1d8e6ab1482164fa21409c5ef44da3e9f653c13ba71becdd98dec3/charset_normalizer-3.4.2-cp312-cp312-manylinux_2_17_ppc64le.manylinux2014_ppc64le.whl", hash = "sha256:fcbe676a55d7445b22c10967bceaaf0ee69407fbe0ece4d032b6eb8d4565982a", size = 153924, upload-time = "2025-05-02T08:32:37.284Z" },
    { url = "https://files.pythonhosted.org/packages/86/2d/fb55fdf41964ec782febbf33cb64be480a6b8f16ded2dbe8db27a405c09f/charset_normalizer-3.4.2-cp312-cp312-manylinux_2_17_s390x.manylinux2014_s390x.whl", hash = "sha256:d41c4d287cfc69060fa91cae9683eacffad989f1a10811995fa309df656ec214", size = 146626, upload-time = "2025-05-02T08:32:38.803Z" },
    { url = "https://files.pythonhosted.org/packages/8c/73/6ede2ec59bce19b3edf4209d70004253ec5f4e319f9a2e3f2f15601ed5f7/charset_normalizer-3.4.2-cp312-cp312-manylinux_2_17_x86_64.manylinux2014_x86_64.whl", hash = "sha256:4e594135de17ab3866138f496755f302b72157d115086d100c3f19370839dd3a", size = 148567, upload-time = "2025-05-02T08:32:40.251Z" },
    { url = "https://files.pythonhosted.org/packages/09/14/957d03c6dc343c04904530b6bef4e5efae5ec7d7990a7cbb868e4595ee30/charset_normalizer-3.4.2-cp312-cp312-manylinux_2_5_i686.manylinux1_i686.manylinux_2_17_i686.manylinux2014_i686.whl", hash = "sha256:cf713fe9a71ef6fd5adf7a79670135081cd4431c2943864757f0fa3a65b1fafd", size = 150957, upload-time = "2025-05-02T08:32:41.705Z" },
    { url = "https://files.pythonhosted.org/packages/0d/c8/8174d0e5c10ccebdcb1b53cc959591c4c722a3ad92461a273e86b9f5a302/charset_normalizer-3.4.2-cp312-cp312-musllinux_1_2_aarch64.whl", hash = "sha256:a370b3e078e418187da8c3674eddb9d983ec09445c99a3a263c2011993522981", size = 145408, upload-time = "2025-05-02T08:32:43.709Z" },
    { url = "https://files.pythonhosted.org/packages/58/aa/8904b84bc8084ac19dc52feb4f5952c6df03ffb460a887b42615ee1382e8/charset_normalizer-3.4.2-cp312-cp312-musllinux_1_2_i686.whl", hash = "sha256:a955b438e62efdf7e0b7b52a64dc5c3396e2634baa62471768a64bc2adb73d5c", size = 153399, upload-time = "2025-05-02T08:32:46.197Z" },
    { url = "https://files.pythonhosted.org/packages/c2/26/89ee1f0e264d201cb65cf054aca6038c03b1a0c6b4ae998070392a3ce605/charset_normalizer-3.4.2-cp312-cp312-musllinux_1_2_ppc64le.whl", hash = "sha256:7222ffd5e4de8e57e03ce2cef95a4c43c98fcb72ad86909abdfc2c17d227fc1b", size = 156815, upload-time = "2025-05-02T08:32:48.105Z" },
    { url = "https://files.pythonhosted.org/packages/fd/07/68e95b4b345bad3dbbd3a8681737b4338ff2c9df29856a6d6d23ac4c73cb/charset_normalizer-3.4.2-cp312-cp312-musllinux_1_2_s390x.whl", hash = "sha256:bee093bf902e1d8fc0ac143c88902c3dfc8941f7ea1d6a8dd2bcb786d33db03d", size = 154537, upload-time = "2025-05-02T08:32:49.719Z" },
    { url = "https://files.pythonhosted.org/packages/77/1a/5eefc0ce04affb98af07bc05f3bac9094513c0e23b0562d64af46a06aae4/charset_normalizer-3.4.2-cp312-cp312-musllinux_1_2_x86_64.whl", hash = "sha256:dedb8adb91d11846ee08bec4c8236c8549ac721c245678282dcb06b221aab59f", size = 149565, upload-time = "2025-05-02T08:32:51.404Z" },
    { url = "https://files.pythonhosted.org/packages/37/a0/2410e5e6032a174c95e0806b1a6585eb21e12f445ebe239fac441995226a/charset_normalizer-3.4.2-cp312-cp312-win32.whl", hash = "sha256:db4c7bf0e07fc3b7d89ac2a5880a6a8062056801b83ff56d8464b70f65482b6c", size = 98357, upload-time = "2025-05-02T08:32:53.079Z" },
    { url = "https://files.pythonhosted.org/packages/6c/4f/c02d5c493967af3eda9c771ad4d2bbc8df6f99ddbeb37ceea6e8716a32bc/charset_normalizer-3.4.2-cp312-cp312-win_amd64.whl", hash = "sha256:5a9979887252a82fefd3d3ed2a8e3b937a7a809f65dcb1e068b090e165bbe99e", size = 105776, upload-time = "2025-05-02T08:32:54.573Z" },
    { url = "https://files.pythonhosted.org/packages/ea/12/a93df3366ed32db1d907d7593a94f1fe6293903e3e92967bebd6950ed12c/charset_normalizer-3.4.2-cp313-cp313-macosx_10_13_universal2.whl", hash = "sha256:926ca93accd5d36ccdabd803392ddc3e03e6d4cd1cf17deff3b989ab8e9dbcf0", size = 199622, upload-time = "2025-05-02T08:32:56.363Z" },
    { url = "https://files.pythonhosted.org/packages/04/93/bf204e6f344c39d9937d3c13c8cd5bbfc266472e51fc8c07cb7f64fcd2de/charset_normalizer-3.4.2-cp313-cp313-manylinux_2_17_aarch64.manylinux2014_aarch64.whl", hash = "sha256:eba9904b0f38a143592d9fc0e19e2df0fa2e41c3c3745554761c5f6447eedabf", size = 143435, upload-time = "2025-05-02T08:32:58.551Z" },
    { url = "https://files.pythonhosted.org/packages/22/2a/ea8a2095b0bafa6c5b5a55ffdc2f924455233ee7b91c69b7edfcc9e02284/charset_normalizer-3.4.2-cp313-cp313-manylinux_2_17_ppc64le.manylinux2014_ppc64le.whl", hash = "sha256:3fddb7e2c84ac87ac3a947cb4e66d143ca5863ef48e4a5ecb83bd48619e4634e", size = 153653, upload-time = "2025-05-02T08:33:00.342Z" },
    { url = "https://files.pythonhosted.org/packages/b6/57/1b090ff183d13cef485dfbe272e2fe57622a76694061353c59da52c9a659/charset_normalizer-3.4.2-cp313-cp313-manylinux_2_17_s390x.manylinux2014_s390x.whl", hash = "sha256:98f862da73774290f251b9df8d11161b6cf25b599a66baf087c1ffe340e9bfd1", size = 146231, upload-time = "2025-05-02T08:33:02.081Z" },
    { url = "https://files.pythonhosted.org/packages/e2/28/ffc026b26f441fc67bd21ab7f03b313ab3fe46714a14b516f931abe1a2d8/charset_normalizer-3.4.2-cp313-cp313-manylinux_2_17_x86_64.manylinux2014_x86_64.whl", hash = "sha256:6c9379d65defcab82d07b2a9dfbfc2e95bc8fe0ebb1b176a3190230a3ef0e07c", size = 148243, upload-time = "2025-05-02T08:33:04.063Z" },
    { url = "https://files.pythonhosted.org/packages/c0/0f/9abe9bd191629c33e69e47c6ef45ef99773320e9ad8e9cb08b8ab4a8d4cb/charset_normalizer-3.4.2-cp313-cp313-manylinux_2_5_i686.manylinux1_i686.manylinux_2_17_i686.manylinux2014_i686.whl", hash = "sha256:e635b87f01ebc977342e2697d05b56632f5f879a4f15955dfe8cef2448b51691", size = 150442, upload-time = "2025-05-02T08:33:06.418Z" },
    { url = "https://files.pythonhosted.org/packages/67/7c/a123bbcedca91d5916c056407f89a7f5e8fdfce12ba825d7d6b9954a1a3c/charset_normalizer-3.4.2-cp313-cp313-musllinux_1_2_aarch64.whl", hash = "sha256:1c95a1e2902a8b722868587c0e1184ad5c55631de5afc0eb96bc4b0d738092c0", size = 145147, upload-time = "2025-05-02T08:33:08.183Z" },
    { url = "https://files.pythonhosted.org/packages/ec/fe/1ac556fa4899d967b83e9893788e86b6af4d83e4726511eaaad035e36595/charset_normalizer-3.4.2-cp313-cp313-musllinux_1_2_i686.whl", hash = "sha256:ef8de666d6179b009dce7bcb2ad4c4a779f113f12caf8dc77f0162c29d20490b", size = 153057, upload-time = "2025-05-02T08:33:09.986Z" },
    { url = "https://files.pythonhosted.org/packages/2b/ff/acfc0b0a70b19e3e54febdd5301a98b72fa07635e56f24f60502e954c461/charset_normalizer-3.4.2-cp313-cp313-musllinux_1_2_ppc64le.whl", hash = "sha256:32fc0341d72e0f73f80acb0a2c94216bd704f4f0bce10aedea38f30502b271ff", size = 156454, upload-time = "2025-05-02T08:33:11.814Z" },
    { url = "https://files.pythonhosted.org/packages/92/08/95b458ce9c740d0645feb0e96cea1f5ec946ea9c580a94adfe0b617f3573/charset_normalizer-3.4.2-cp313-cp313-musllinux_1_2_s390x.whl", hash = "sha256:289200a18fa698949d2b39c671c2cc7a24d44096784e76614899a7ccf2574b7b", size = 154174, upload-time = "2025-05-02T08:33:13.707Z" },
    { url = "https://files.pythonhosted.org/packages/78/be/8392efc43487ac051eee6c36d5fbd63032d78f7728cb37aebcc98191f1ff/charset_normalizer-3.4.2-cp313-cp313-musllinux_1_2_x86_64.whl", hash = "sha256:4a476b06fbcf359ad25d34a057b7219281286ae2477cc5ff5e3f70a246971148", size = 149166, upload-time = "2025-05-02T08:33:15.458Z" },
    { url = "https://files.pythonhosted.org/packages/44/96/392abd49b094d30b91d9fbda6a69519e95802250b777841cf3bda8fe136c/charset_normalizer-3.4.2-cp313-cp313-win32.whl", hash = "sha256:aaeeb6a479c7667fbe1099af9617c83aaca22182d6cf8c53966491a0f1b7ffb7", size = 98064, upload-time = "2025-05-02T08:33:17.06Z" },
    { url = "https://files.pythonhosted.org/packages/e9/b0/0200da600134e001d91851ddc797809e2fe0ea72de90e09bec5a2fbdaccb/charset_normalizer-3.4.2-cp313-cp313-win_amd64.whl", hash = "sha256:aa6af9e7d59f9c12b33ae4e9450619cf2488e2bbe9b44030905877f0b2324980", size = 105641, upload-time = "2025-05-02T08:33:18.753Z" },
    { url = "https://files.pythonhosted.org/packages/20/94/c5790835a017658cbfabd07f3bfb549140c3ac458cfc196323996b10095a/charset_normalizer-3.4.2-py3-none-any.whl", hash = "sha256:7f56930ab0abd1c45cd15be65cc741c28b1c9a34876ce8c17a2fa107810c0af0", size = 52626, upload-time = "2025-05-02T08:34:40.053Z" },
]

[[package]]
name = "colorama"
version = "0.4.6"
source = { registry = "https://pypi.org/simple" }
sdist = { url = "https://files.pythonhosted.org/packages/d8/53/6f443c9a4a8358a93a6792e2acffb9d9d5cb0a5cfd8802644b7b1c9a02e4/colorama-0.4.6.tar.gz", hash = "sha256:08695f5cb7ed6e0531a20572697297273c47b8cae5a63ffc6d6ed5c201be6e44", size = 27697, upload-time = "2022-10-25T02:36:22.414Z" }
wheels = [
    { url = "https://files.pythonhosted.org/packages/d1/d6/3965ed04c63042e047cb6a3e6ed1a63a35087b6a609aa3a15ed8ac56c221/colorama-0.4.6-py2.py3-none-any.whl", hash = "sha256:4f1d9991f5acc0ca119f9d443620b77f9d6b33703e51011c16baf57afb285fc6", size = 25335, upload-time = "2022-10-25T02:36:20.889Z" },
]

[[package]]
name = "defusedxml"
version = "0.7.1"
source = { registry = "https://pypi.org/simple" }
sdist = { url = "https://files.pythonhosted.org/packages/0f/d5/c66da9b79e5bdb124974bfe172b4daf3c984ebd9c2a06e2b8a4dc7331c72/defusedxml-0.7.1.tar.gz", hash = "sha256:1bb3032db185915b62d7c6209c5a8792be6a32ab2fedacc84e01b52c51aa3e69", size = 75520, upload-time = "2021-03-08T10:59:26.269Z" }
wheels = [
    { url = "https://files.pythonhosted.org/packages/07/6c/aa3f2f849e01cb6a001cd8554a88d4c77c5c1a31c95bdf1cf9301e6d9ef4/defusedxml-0.7.1-py2.py3-none-any.whl", hash = "sha256:a352e7e428770286cc899e2542b6cdaedb2b4953ff269a210103ec58f6198a61", size = 25604, upload-time = "2021-03-08T10:59:24.45Z" },
]

[[package]]
name = "httpie"
version = "3.2.4"
source = { registry = "https://pypi.org/simple" }
dependencies = [
    { name = "charset-normalizer" },
    { name = "colorama", marker = "sys_platform == 'win32'" },
    { name = "defusedxml" },
    { name = "multidict" },
    { name = "pip" },
    { name = "pygments" },
    { name = "requests", extra = ["socks"] },
    { name = "requests-toolbelt" },
    { name = "rich" },
    { name = "setuptools" },
]
sdist = { url = "https://files.pythonhosted.org/packages/3e/bb/aefb0abbdbadeb9e8e7f04fb0f1942bc084f4215bf8dc729236153d09e1e/httpie-3.2.4.tar.gz", hash = "sha256:302ad436c3dc14fd0d1b19d4572ef8d62b146bcd94b505f3c2521f701e2e7a2a", size = 382651, upload-time = "2024-11-01T17:31:24.588Z" }
wheels = [
    { url = "https://files.pythonhosted.org/packages/03/b6/39bcf01e1185882f34bc9fb77d1fb4a27911a55f60ab407de34abc8a2347/httpie-3.2.4-py3-none-any.whl", hash = "sha256:4bd0435cc4b9bca59501bc65089de96f3e93b393803f32a81951db62050ebf0b", size = 127860, upload-time = "2024-11-01T17:31:22.962Z" },
]

[[package]]
name = "idna"
version = "3.10"
source = { registry = "https://pypi.org/simple" }
sdist = { url = "https://files.pythonhosted.org/packages/f1/70/7703c29685631f5a7590aa73f1f1d3fa9a380e654b86af429e0934a32f7d/idna-3.10.tar.gz", hash = "sha256:12f65c9b470abda6dc35cf8e63cc574b1c52b11df2c86030af0ac09b01b13ea9", size = 190490, upload-time = "2024-09-15T18:07:39.745Z" }
wheels = [
    { url = "https://files.pythonhosted.org/packages/76/c6/c88e154df9c4e1a2a66ccf0005a88dfb2650c1dffb6f5ce603dfbd452ce3/idna-3.10-py3-none-any.whl", hash = "sha256:946d195a0d259cbba61165e88e65941f16e9b36ea6ddb97f00452bae8b1287d3", size = 70442, upload-time = "2024-09-15T18:07:37.964Z" },
]

[[package]]
name = "markdown-it-py"
version = "3.0.0"
source = { registry = "https://pypi.org/simple" }
dependencies = [
    { name = "mdurl" },
]
sdist = { url = "https://files.pythonhosted.org/packages/38/71/3b932df36c1a044d397a1f92d1cf91ee0a503d91e470cbd670aa66b07ed0/markdown-it-py-3.0.0.tar.gz", hash = "sha256:e3f60a94fa066dc52ec76661e37c851cb232d92f9886b15cb560aaada2df8feb", size = 74596, upload-time = "2023-06-03T06:41:14.443Z" }
wheels = [
    { url = "https://files.pythonhosted.org/packages/42/d7/1ec15b46af6af88f19b8e5ffea08fa375d433c998b8a7639e76935c14f1f/markdown_it_py-3.0.0-py3-none-any.whl", hash = "sha256:355216845c60bd96232cd8d8c40e8f9765cc86f46880e43a8fd22dc1a1a8cab1", size = 87528, upload-time = "2023-06-03T06:41:11.019Z" },
]

[[package]]
name = "mdurl"
version = "0.1.2"
source = { registry = "https://pypi.org/simple" }
sdist = { url = "https://files.pythonhosted.org/packages/d6/54/cfe61301667036ec958cb99bd3efefba235e65cdeb9c84d24a8293ba1d90/mdurl-0.1.2.tar.gz", hash = "sha256:bb413d29f5eea38f31dd4754dd7377d4465116fb207585f97bf925588687c1ba", size = 8729, upload-time = "2022-08-14T12:40:10.846Z" }
wheels = [
    { url = "https://files.pythonhosted.org/packages/b3/38/89ba8ad64ae25be8de66a6d463314cf1eb366222074cfda9ee839c56a4b4/mdurl-0.1.2-py3-none-any.whl", hash = "sha256:84008a41e51615a49fc9966191ff91509e3c40b939176e643fd50a5c2196b8f8", size = 9979, upload-time = "2022-08-14T12:40:09.779Z" },
]

[[package]]
name = "multidict"
version = "6.4.4"
source = { registry = "https://pypi.org/simple" }
sdist = { url = "https://files.pythonhosted.org/packages/91/2f/a3470242707058fe856fe59241eee5635d79087100b7042a867368863a27/multidict-6.4.4.tar.gz", hash = "sha256:69ee9e6ba214b5245031b76233dd95408a0fd57fdb019ddcc1ead4790932a8e8", size = 90183, upload-time = "2025-05-19T14:16:37.381Z" }
wheels = [
    { url = "https://files.pythonhosted.org/packages/d2/b5/5675377da23d60875fe7dae6be841787755878e315e2f517235f22f59e18/multidict-6.4.4-cp312-cp312-macosx_10_13_universal2.whl", hash = "sha256:dc388f75a1c00000824bf28b7633e40854f4127ede80512b44c3cfeeea1839a2", size = 64293, upload-time = "2025-05-19T14:14:44.724Z" },
    { url = "https://files.pythonhosted.org/packages/34/a7/be384a482754bb8c95d2bbe91717bf7ccce6dc38c18569997a11f95aa554/multidict-6.4.4-cp312-cp312-macosx_10_13_x86_64.whl", hash = "sha256:98af87593a666f739d9dba5d0ae86e01b0e1a9cfcd2e30d2d361fbbbd1a9162d", size = 38096, upload-time = "2025-05-19T14:14:45.95Z" },
    { url = "https://files.pythonhosted.org/packages/66/6d/d59854bb4352306145bdfd1704d210731c1bb2c890bfee31fb7bbc1c4c7f/multidict-6.4.4-cp312-cp312-macosx_11_0_arm64.whl", hash = "sha256:aff4cafea2d120327d55eadd6b7f1136a8e5a0ecf6fb3b6863e8aca32cd8e50a", size = 37214, upload-time = "2025-05-19T14:14:47.158Z" },
    { url = "https://files.pythonhosted.org/packages/99/e0/c29d9d462d7cfc5fc8f9bf24f9c6843b40e953c0b55e04eba2ad2cf54fba/multidict-6.4.4-cp312-cp312-manylinux_2_17_aarch64.manylinux2014_aarch64.whl", hash = "sha256:169c4ba7858176b797fe551d6e99040c531c775d2d57b31bcf4de6d7a669847f", size = 224686, upload-time = "2025-05-19T14:14:48.366Z" },
    { url = "https://files.pythonhosted.org/packages/dc/4a/da99398d7fd8210d9de068f9a1b5f96dfaf67d51e3f2521f17cba4ee1012/multidict-6.4.4-cp312-cp312-manylinux_2_17_armv7l.manylinux2014_armv7l.manylinux_2_31_armv7l.whl", hash = "sha256:b9eb4c59c54421a32b3273d4239865cb14ead53a606db066d7130ac80cc8ec93", size = 231061, upload-time = "2025-05-19T14:14:49.952Z" },
    { url = "https://files.pythonhosted.org/packages/21/f5/ac11add39a0f447ac89353e6ca46666847051103649831c08a2800a14455/multidict-6.4.4-cp312-cp312-manylinux_2_17_ppc64le.manylinux2014_ppc64le.whl", hash = "sha256:7cf3bd54c56aa16fdb40028d545eaa8d051402b61533c21e84046e05513d5780", size = 232412, upload-time = "2025-05-19T14:14:51.812Z" },
    { url = "https://files.pythonhosted.org/packages/d9/11/4b551e2110cded705a3c13a1d4b6a11f73891eb5a1c449f1b2b6259e58a6/multidict-6.4.4-cp312-cp312-manylinux_2_17_s390x.manylinux2014_s390x.whl", hash = "sha256:f682c42003c7264134bfe886376299db4cc0c6cd06a3295b41b347044bcb5482", size = 231563, upload-time = "2025-05-19T14:14:53.262Z" },
    { url = "https://files.pythonhosted.org/packages/4c/02/751530c19e78fe73b24c3da66618eda0aa0d7f6e7aa512e46483de6be210/multidict-6.4.4-cp312-cp312-manylinux_2_17_x86_64.manylinux2014_x86_64.whl", hash = "sha256:a920f9cf2abdf6e493c519492d892c362007f113c94da4c239ae88429835bad1", size = 223811, upload-time = "2025-05-19T14:14:55.232Z" },
    { url = "https://files.pythonhosted.org/packages/c7/cb/2be8a214643056289e51ca356026c7b2ce7225373e7a1f8c8715efee8988/multidict-6.4.4-cp312-cp312-manylinux_2_5_i686.manylinux1_i686.manylinux_2_17_i686.manylinux2014_i686.whl", hash = "sha256:530d86827a2df6504526106b4c104ba19044594f8722d3e87714e847c74a0275", size = 216524, upload-time = "2025-05-19T14:14:57.226Z" },
    { url = "https://files.pythonhosted.org/packages/19/f3/6d5011ec375c09081f5250af58de85f172bfcaafebff286d8089243c4bd4/multidict-6.4.4-cp312-cp312-musllinux_1_2_aarch64.whl", hash = "sha256:ecde56ea2439b96ed8a8d826b50c57364612ddac0438c39e473fafad7ae1c23b", size = 229012, upload-time = "2025-05-19T14:14:58.597Z" },
    { url = "https://files.pythonhosted.org/packages/67/9c/ca510785df5cf0eaf5b2a8132d7d04c1ce058dcf2c16233e596ce37a7f8e/multidict-6.4.4-cp312-cp312-musllinux_1_2_armv7l.whl", hash = "sha256:dc8c9736d8574b560634775ac0def6bdc1661fc63fa27ffdfc7264c565bcb4f2", size = 226765, upload-time = "2025-05-19T14:15:00.048Z" },
    { url = "https://files.pythonhosted.org/packages/36/c8/ca86019994e92a0f11e642bda31265854e6ea7b235642f0477e8c2e25c1f/multidict-6.4.4-cp312-cp312-musllinux_1_2_i686.whl", hash = "sha256:7f3d3b3c34867579ea47cbd6c1f2ce23fbfd20a273b6f9e3177e256584f1eacc", size = 222888, upload-time = "2025-05-19T14:15:01.568Z" },
    { url = "https://files.pythonhosted.org/packages/c6/67/bc25a8e8bd522935379066950ec4e2277f9b236162a73548a2576d4b9587/multidict-6.4.4-cp312-cp312-musllinux_1_2_ppc64le.whl", hash = "sha256:87a728af265e08f96b6318ebe3c0f68b9335131f461efab2fc64cc84a44aa6ed", size = 234041, upload-time = "2025-05-19T14:15:03.759Z" },
    { url = "https://files.pythonhosted.org/packages/f1/a0/70c4c2d12857fccbe607b334b7ee28b6b5326c322ca8f73ee54e70d76484/multidict-6.4.4-cp312-cp312-musllinux_1_2_s390x.whl", hash = "sha256:9f193eeda1857f8e8d3079a4abd258f42ef4a4bc87388452ed1e1c4d2b0c8740", size = 231046, upload-time = "2025-05-19T14:15:05.698Z" },
    { url = "https://files.pythonhosted.org/packages/c1/0f/52954601d02d39742aab01d6b92f53c1dd38b2392248154c50797b4df7f1/multidict-6.4.4-cp312-cp312-musllinux_1_2_x86_64.whl", hash = "sha256:be06e73c06415199200e9a2324a11252a3d62030319919cde5e6950ffeccf72e", size = 227106, upload-time = "2025-05-19T14:15:07.124Z" },
    { url = "https://files.pythonhosted.org/packages/af/24/679d83ec4379402d28721790dce818e5d6b9f94ce1323a556fb17fa9996c/multidict-6.4.4-cp312-cp312-win32.whl", hash = "sha256:622f26ea6a7e19b7c48dd9228071f571b2fbbd57a8cd71c061e848f281550e6b", size = 35351, upload-time = "2025-05-19T14:15:08.556Z" },
    { url = "https://files.pythonhosted.org/packages/52/ef/40d98bc5f986f61565f9b345f102409534e29da86a6454eb6b7c00225a13/multidict-6.4.4-cp312-cp312-win_amd64.whl", hash = "sha256:5e2bcda30d5009996ff439e02a9f2b5c3d64a20151d34898c000a6281faa3781", size = 38791, upload-time = "2025-05-19T14:15:09.825Z" },
    { url = "https://files.pythonhosted.org/packages/df/2a/e166d2ffbf4b10131b2d5b0e458f7cee7d986661caceae0de8753042d4b2/multidict-6.4.4-cp313-cp313-macosx_10_13_universal2.whl", hash = "sha256:82ffabefc8d84c2742ad19c37f02cde5ec2a1ee172d19944d380f920a340e4b9", size = 64123, upload-time = "2025-05-19T14:15:11.044Z" },
    { url = "https://files.pythonhosted.org/packages/8c/96/e200e379ae5b6f95cbae472e0199ea98913f03d8c9a709f42612a432932c/multidict-6.4.4-cp313-cp313-macosx_10_13_x86_64.whl", hash = "sha256:6a2f58a66fe2c22615ad26156354005391e26a2f3721c3621504cd87c1ea87bf", size = 38049, upload-time = "2025-05-19T14:15:12.902Z" },
    { url = "https://files.pythonhosted.org/packages/75/fb/47afd17b83f6a8c7fa863c6d23ac5ba6a0e6145ed8a6bcc8da20b2b2c1d2/multidict-6.4.4-cp313-cp313-macosx_11_0_arm64.whl", hash = "sha256:5883d6ee0fd9d8a48e9174df47540b7545909841ac82354c7ae4cbe9952603bd", size = 37078, upload-time = "2025-05-19T14:15:14.282Z" },
    { url = "https://files.pythonhosted.org/packages/fa/70/1af3143000eddfb19fd5ca5e78393985ed988ac493bb859800fe0914041f/multidict-6.4.4-cp313-cp313-manylinux_2_17_aarch64.manylinux2014_aarch64.whl", hash = "sha256:9abcf56a9511653fa1d052bfc55fbe53dbee8f34e68bd6a5a038731b0ca42d15", size = 224097, upload-time = "2025-05-19T14:15:15.566Z" },
    { url = "https://files.pythonhosted.org/packages/b1/39/d570c62b53d4fba844e0378ffbcd02ac25ca423d3235047013ba2f6f60f8/multidict-6.4.4-cp313-cp313-manylinux_2_17_armv7l.manylinux2014_armv7l.manylinux_2_31_armv7l.whl", hash = "sha256:6ed5ae5605d4ad5a049fad2a28bb7193400700ce2f4ae484ab702d1e3749c3f9", size = 230768, upload-time = "2025-05-19T14:15:17.308Z" },
    { url = "https://files.pythonhosted.org/packages/fd/f8/ed88f2c4d06f752b015933055eb291d9bc184936903752c66f68fb3c95a7/multidict-6.4.4-cp313-cp313-manylinux_2_17_ppc64le.manylinux2014_ppc64le.whl", hash = "sha256:bbfcb60396f9bcfa63e017a180c3105b8c123a63e9d1428a36544e7d37ca9e20", size = 231331, upload-time = "2025-05-19T14:15:18.73Z" },
    { url = "https://files.pythonhosted.org/packages/9c/6f/8e07cffa32f483ab887b0d56bbd8747ac2c1acd00dc0af6fcf265f4a121e/multidict-6.4.4-cp313-cp313-manylinux_2_17_s390x.manylinux2014_s390x.whl", hash = "sha256:b0f1987787f5f1e2076b59692352ab29a955b09ccc433c1f6b8e8e18666f608b", size = 230169, upload-time = "2025-05-19T14:15:20.179Z" },
    { url = "https://files.pythonhosted.org/packages/e6/2b/5dcf173be15e42f330110875a2668ddfc208afc4229097312212dc9c1236/multidict-6.4.4-cp313-cp313-manylinux_2_17_x86_64.manylinux2014_x86_64.whl", hash = "sha256:1d0121ccce8c812047d8d43d691a1ad7641f72c4f730474878a5aeae1b8ead8c", size = 222947, upload-time = "2025-05-19T14:15:21.714Z" },
    { url = "https://files.pythonhosted.org/packages/39/75/4ddcbcebe5ebcd6faa770b629260d15840a5fc07ce8ad295a32e14993726/multidict-6.4.4-cp313-cp313-manylinux_2_5_i686.manylinux1_i686.manylinux_2_17_i686.manylinux2014_i686.whl", hash = "sha256:83ec4967114295b8afd120a8eec579920c882831a3e4c3331d591a8e5bfbbc0f", size = 215761, upload-time = "2025-05-19T14:15:23.242Z" },
    { url = "https://files.pythonhosted.org/packages/6a/c9/55e998ae45ff15c5608e384206aa71a11e1b7f48b64d166db400b14a3433/multidict-6.4.4-cp313-cp313-musllinux_1_2_aarch64.whl", hash = "sha256:995f985e2e268deaf17867801b859a282e0448633f1310e3704b30616d269d69", size = 227605, upload-time = "2025-05-19T14:15:24.763Z" },
    { url = "https://files.pythonhosted.org/packages/04/49/c2404eac74497503c77071bd2e6f88c7e94092b8a07601536b8dbe99be50/multidict-6.4.4-cp313-cp313-musllinux_1_2_armv7l.whl", hash = "sha256:d832c608f94b9f92a0ec8b7e949be7792a642b6e535fcf32f3e28fab69eeb046", size = 226144, upload-time = "2025-05-19T14:15:26.249Z" },
    { url = "https://files.pythonhosted.org/packages/62/c5/0cd0c3c6f18864c40846aa2252cd69d308699cb163e1c0d989ca301684da/multidict-6.4.4-cp313-cp313-musllinux_1_2_i686.whl", hash = "sha256:d21c1212171cf7da703c5b0b7a0e85be23b720818aef502ad187d627316d5645", size = 221100, upload-time = "2025-05-19T14:15:28.303Z" },
    { url = "https://files.pythonhosted.org/packages/71/7b/f2f3887bea71739a046d601ef10e689528d4f911d84da873b6be9194ffea/multidict-6.4.4-cp313-cp313-musllinux_1_2_ppc64le.whl", hash = "sha256:cbebaa076aaecad3d4bb4c008ecc73b09274c952cf6a1b78ccfd689e51f5a5b0", size = 232731, upload-time = "2025-05-19T14:15:30.263Z" },
    { url = "https://files.pythonhosted.org/packages/e5/b3/d9de808349df97fa75ec1372758701b5800ebad3c46ae377ad63058fbcc6/multidict-6.4.4-cp313-cp313-musllinux_1_2_s390x.whl", hash = "sha256:c93a6fb06cc8e5d3628b2b5fda215a5db01e8f08fc15fadd65662d9b857acbe4", size = 229637, upload-time = "2025-05-19T14:15:33.337Z" },
    { url = "https://files.pythonhosted.org/packages/5e/57/13207c16b615eb4f1745b44806a96026ef8e1b694008a58226c2d8f5f0a5/multidict-6.4.4-cp313-cp313-musllinux_1_2_x86_64.whl", hash = "sha256:8cd8f81f1310182362fb0c7898145ea9c9b08a71081c5963b40ee3e3cac589b1", size = 225594, upload-time = "2025-05-19T14:15:34.832Z" },
    { url = "https://files.pythonhosted.org/packages/3a/e4/d23bec2f70221604f5565000632c305fc8f25ba953e8ce2d8a18842b9841/multidict-6.4.4-cp313-cp313-win32.whl", hash = "sha256:3e9f1cd61a0ab857154205fb0b1f3d3ace88d27ebd1409ab7af5096e409614cd", size = 35359, upload-time = "2025-05-19T14:15:36.246Z" },
    { url = "https://files.pythonhosted.org/packages/a7/7a/cfe1a47632be861b627f46f642c1d031704cc1c0f5c0efbde2ad44aa34bd/multidict-6.4.4-cp313-cp313-win_amd64.whl", hash = "sha256:8ffb40b74400e4455785c2fa37eba434269149ec525fc8329858c862e4b35373", size = 38903, upload-time = "2025-05-19T14:15:37.507Z" },
    { url = "https://files.pythonhosted.org/packages/68/7b/15c259b0ab49938a0a1c8f3188572802704a779ddb294edc1b2a72252e7c/multidict-6.4.4-cp313-cp313t-macosx_10_13_universal2.whl", hash = "sha256:6a602151dbf177be2450ef38966f4be3467d41a86c6a845070d12e17c858a156", size = 68895, upload-time = "2025-05-19T14:15:38.856Z" },
    { url = "https://files.pythonhosted.org/packages/f1/7d/168b5b822bccd88142e0a3ce985858fea612404edd228698f5af691020c9/multidict-6.4.4-cp313-cp313t-macosx_10_13_x86_64.whl", hash = "sha256:0d2b9712211b860d123815a80b859075d86a4d54787e247d7fbee9db6832cf1c", size = 40183, upload-time = "2025-05-19T14:15:40.197Z" },
    { url = "https://files.pythonhosted.org/packages/e0/b7/d4b8d98eb850ef28a4922ba508c31d90715fd9b9da3801a30cea2967130b/multidict-6.4.4-cp313-cp313t-macosx_11_0_arm64.whl", hash = "sha256:d2fa86af59f8fc1972e121ade052145f6da22758f6996a197d69bb52f8204e7e", size = 39592, upload-time = "2025-05-19T14:15:41.508Z" },
    { url = "https://files.pythonhosted.org/packages/18/28/a554678898a19583548e742080cf55d169733baf57efc48c2f0273a08583/multidict-6.4.4-cp313-cp313t-manylinux_2_17_aarch64.manylinux2014_aarch64.whl", hash = "sha256:50855d03e9e4d66eab6947ba688ffb714616f985838077bc4b490e769e48da51", size = 226071, upload-time = "2025-05-19T14:15:42.877Z" },
    { url = "https://files.pythonhosted.org/packages/ee/dc/7ba6c789d05c310e294f85329efac1bf5b450338d2542498db1491a264df/multidict-6.4.4-cp313-cp313t-manylinux_2_17_armv7l.manylinux2014_armv7l.manylinux_2_31_armv7l.whl", hash = "sha256:5bce06b83be23225be1905dcdb6b789064fae92499fbc458f59a8c0e68718601", size = 222597, upload-time = "2025-05-19T14:15:44.412Z" },
    { url = "https://files.pythonhosted.org/packages/24/4f/34eadbbf401b03768dba439be0fb94b0d187facae9142821a3d5599ccb3b/multidict-6.4.4-cp313-cp313t-manylinux_2_17_ppc64le.manylinux2014_ppc64le.whl", hash = "sha256:66ed0731f8e5dfd8369a883b6e564aca085fb9289aacabd9decd70568b9a30de", size = 228253, upload-time = "2025-05-19T14:15:46.474Z" },
    { url = "https://files.pythonhosted.org/packages/c0/e6/493225a3cdb0d8d80d43a94503fc313536a07dae54a3f030d279e629a2bc/multidict-6.4.4-cp313-cp313t-manylinux_2_17_s390x.manylinux2014_s390x.whl", hash = "sha256:329ae97fc2f56f44d91bc47fe0972b1f52d21c4b7a2ac97040da02577e2daca2", size = 226146, upload-time = "2025-05-19T14:15:48.003Z" },
    { url = "https://files.pythonhosted.org/packages/2f/70/e411a7254dc3bff6f7e6e004303b1b0591358e9f0b7c08639941e0de8bd6/multidict-6.4.4-cp313-cp313t-manylinux_2_17_x86_64.manylinux2014_x86_64.whl", hash = "sha256:c27e5dcf520923d6474d98b96749e6805f7677e93aaaf62656005b8643f907ab", size = 220585, upload-time = "2025-05-19T14:15:49.546Z" },
    { url = "https://files.pythonhosted.org/packages/08/8f/beb3ae7406a619100d2b1fb0022c3bb55a8225ab53c5663648ba50dfcd56/multidict-6.4.4-cp313-cp313t-manylinux_2_5_i686.manylinux1_i686.manylinux_2_17_i686.manylinux2014_i686.whl", hash = "sha256:058cc59b9e9b143cc56715e59e22941a5d868c322242278d28123a5d09cdf6b0", size = 212080, upload-time = "2025-05-19T14:15:51.151Z" },
    { url = "https://files.pythonhosted.org/packages/9c/ec/355124e9d3d01cf8edb072fd14947220f357e1c5bc79c88dff89297e9342/multidict-6.4.4-cp313-cp313t-musllinux_1_2_aarch64.whl", hash = "sha256:69133376bc9a03f8c47343d33f91f74a99c339e8b58cea90433d8e24bb298031", size = 226558, upload-time = "2025-05-19T14:15:52.665Z" },
    { url = "https://files.pythonhosted.org/packages/fd/22/d2b95cbebbc2ada3be3812ea9287dcc9712d7f1a012fad041770afddb2ad/multidict-6.4.4-cp313-cp313t-musllinux_1_2_armv7l.whl", hash = "sha256:d6b15c55721b1b115c5ba178c77104123745b1417527ad9641a4c5e2047450f0", size = 212168, upload-time = "2025-05-19T14:15:55.279Z" },
    { url = "https://files.pythonhosted.org/packages/4d/c5/62bfc0b2f9ce88326dbe7179f9824a939c6c7775b23b95de777267b9725c/multidict-6.4.4-cp313-cp313t-musllinux_1_2_i686.whl", hash = "sha256:a887b77f51d3d41e6e1a63cf3bc7ddf24de5939d9ff69441387dfefa58ac2e26", size = 217970, upload-time = "2025-05-19T14:15:56.806Z" },
    { url = "https://files.pythonhosted.org/packages/79/74/977cea1aadc43ff1c75d23bd5bc4768a8fac98c14e5878d6ee8d6bab743c/multidict-6.4.4-cp313-cp313t-musllinux_1_2_ppc64le.whl", hash = "sha256:632a3bf8f1787f7ef7d3c2f68a7bde5be2f702906f8b5842ad6da9d974d0aab3", size = 226980, upload-time = "2025-05-19T14:15:58.313Z" },
    { url = "https://files.pythonhosted.org/packages/48/fc/cc4a1a2049df2eb84006607dc428ff237af38e0fcecfdb8a29ca47b1566c/multidict-6.4.4-cp313-cp313t-musllinux_1_2_s390x.whl", hash = "sha256:a145c550900deb7540973c5cdb183b0d24bed6b80bf7bddf33ed8f569082535e", size = 220641, upload-time = "2025-05-19T14:15:59.866Z" },
    { url = "https://files.pythonhosted.org/packages/3b/6a/a7444d113ab918701988d4abdde373dbdfd2def7bd647207e2bf645c7eac/multidict-6.4.4-cp313-cp313t-musllinux_1_2_x86_64.whl", hash = "sha256:cc5d83c6619ca5c9672cb78b39ed8542f1975a803dee2cda114ff73cbb076edd", size = 221728, upload-time = "2025-05-19T14:16:01.535Z" },
    { url = "https://files.pythonhosted.org/packages/2b/b0/fdf4c73ad1c55e0f4dbbf2aa59dd37037334091f9a4961646d2b7ac91a86/multidict-6.4.4-cp313-cp313t-win32.whl", hash = "sha256:3312f63261b9df49be9d57aaa6abf53a6ad96d93b24f9cc16cf979956355ce6e", size = 41913, upload-time = "2025-05-19T14:16:03.199Z" },
    { url = "https://files.pythonhosted.org/packages/8e/92/27989ecca97e542c0d01d05a98a5ae12198a243a9ee12563a0313291511f/multidict-6.4.4-cp313-cp313t-win_amd64.whl", hash = "sha256:ba852168d814b2c73333073e1c7116d9395bea69575a01b0b3c89d2d5a87c8fb", size = 46112, upload-time = "2025-05-19T14:16:04.909Z" },
    { url = "https://files.pythonhosted.org/packages/84/5d/e17845bb0fa76334477d5de38654d27946d5b5d3695443987a094a71b440/multidict-6.4.4-py3-none-any.whl", hash = "sha256:bd4557071b561a8b3b6075c3ce93cf9bfb6182cb241805c3d66ced3b75eff4ac", size = 10481, upload-time = "2025-05-19T14:16:36.024Z" },
]

[[package]]
name = "nvchecker"
version = "2.17"
source = { registry = "https://pypi.org/simple" }
dependencies = [
    { name = "platformdirs" },
    { name = "pycurl" },
    { name = "structlog" },
    { name = "tornado" },
]
sdist = { url = "https://files.pythonhosted.org/packages/09/a9/d1ae2b45e798593b31fcc2a9f9aa91df169c8592f03fdddbc0a2a1037f21/nvchecker-2.17.tar.gz", hash = "sha256:06995aec5a5e81e8ac19796741095609916b6f5bea46dd803e0b0aedb4fa2fb6", size = 56249, upload-time = "2025-03-16T03:54:16.094Z" }
wheels = [
    { url = "https://files.pythonhosted.org/packages/9e/d2/59c771de3becb1bd2d19e757aa72c4955d5de1d338b95685526f886a479c/nvchecker-2.17-py3-none-any.whl", hash = "sha256:691051fdd56500db15abafe100099e7fa611517a4512e126a8b619eac2266eee", size = 68070, upload-time = "2025-03-16T03:54:13.873Z" },
]

[[package]]
name = "pip"
version = "25.1.1"
source = { registry = "https://pypi.org/simple" }
sdist = { url = "https://files.pythonhosted.org/packages/59/de/241caa0ca606f2ec5fe0c1f4261b0465df78d786a38da693864a116c37f4/pip-25.1.1.tar.gz", hash = "sha256:3de45d411d308d5054c2168185d8da7f9a2cd753dbac8acbfa88a8909ecd9077", size = 1940155, upload-time = "2025-05-02T15:14:02.057Z" }
wheels = [
    { url = "https://files.pythonhosted.org/packages/29/a2/d40fb2460e883eca5199c62cfc2463fd261f760556ae6290f88488c362c0/pip-25.1.1-py3-none-any.whl", hash = "sha256:2913a38a2abf4ea6b64ab507bd9e967f3b53dc1ede74b01b0931e1ce548751af", size = 1825227, upload-time = "2025-05-02T15:13:59.102Z" },
]

[[package]]
name = "platformdirs"
version = "4.3.8"
source = { registry = "https://pypi.org/simple" }
sdist = { url = "https://files.pythonhosted.org/packages/fe/8b/3c73abc9c759ecd3f1f7ceff6685840859e8070c4d947c93fae71f6a0bf2/platformdirs-4.3.8.tar.gz", hash = "sha256:3d512d96e16bcb959a814c9f348431070822a6496326a4be0911c40b5a74c2bc", size = 21362, upload-time = "2025-05-07T22:47:42.121Z" }
wheels = [
    { url = "https://files.pythonhosted.org/packages/fe/39/979e8e21520d4e47a0bbe349e2713c0aac6f3d853d0e5b34d76206c439aa/platformdirs-4.3.8-py3-none-any.whl", hash = "sha256:ff7059bb7eb1179e2685604f4aaf157cfd9535242bd23742eadc3c13542139b4", size = 18567, upload-time = "2025-05-07T22:47:40.376Z" },
]

[[package]]
name = "pycurl"
version = "7.45.6"
source = { registry = "https://pypi.org/simple" }
sdist = { url = "https://files.pythonhosted.org/packages/71/35/fe5088d914905391ef2995102cf5e1892cf32cab1fa6ef8130631c89ec01/pycurl-7.45.6.tar.gz", hash = "sha256:2b73e66b22719ea48ac08a93fc88e57ef36d46d03cb09d972063c9aa86bb74e6", size = 239470, upload-time = "2025-03-07T03:40:20.644Z" }
wheels = [
    { url = "https://files.pythonhosted.org/packages/0a/31/01e3ae56940c9aff2886f06a660641ec779d7265aef8b3bd981add67f3a9/pycurl-7.45.6-cp312-cp312-macosx_10_13_x86_64.whl", hash = "sha256:c872d4074360964697c39c1544fe8c91bfecbff27c1cdda1fee5498e5fdadcda", size = 3499118, upload-time = "2025-03-07T03:39:46.584Z" },
    { url = "https://files.pythonhosted.org/packages/02/b2/365423ac0f8d13afffb28e6f3d6bf1aae242934f16ae3eda5f3615c0e978/pycurl-7.45.6-cp312-cp312-macosx_11_0_arm64.whl", hash = "sha256:56d1197eadd5774582b259cde4364357da71542758d8e917f91cc6ed7ed5b262", size = 3640501, upload-time = "2025-03-07T03:39:48.41Z" },
    { url = "https://files.pythonhosted.org/packages/67/d6/7d24b60ee878167e3cef6d37fad7d15cf660c0d510539d1417fd59665d1b/pycurl-7.45.6-cp312-cp312-manylinux_2_28_aarch64.whl", hash = "sha256:8a99e56d2575aa74c48c0cd08852a65d5fc952798f76a34236256d5589bf5aa0", size = 4893499, upload-time = "2025-03-07T03:39:50.146Z" },
    { url = "https://files.pythonhosted.org/packages/24/8c/c84df085310f2489e293adc7880f82339f50dcd6cf9dba2750b81eaf11d4/pycurl-7.45.6-cp312-cp312-manylinux_2_28_x86_64.whl", hash = "sha256:c04230b9e9cfdca9cf3eb09a0bec6cf2f084640f1f1ca1929cca51411af85de2", size = 4576761, upload-time = "2025-03-07T03:39:51.854Z" },
    { url = "https://files.pythonhosted.org/packages/bc/a2/682c909d93c27b6c6cd369c5427fee87c525e02c56e1a985c150a2d451fd/pycurl-7.45.6-cp312-cp312-win32.whl", hash = "sha256:ae893144b82d72d95c932ebdeb81fc7e9fde758e5ecd5dd10ad5b67f34a8b8ee", size = 2605115, upload-time = "2025-03-07T03:39:53.49Z" },
    { url = "https://files.pythonhosted.org/packages/71/42/b1189c859cec1bdb00c93177e8bdee7c75b23a0e30eba41da637b40444c1/pycurl-7.45.6-cp312-cp312-win_amd64.whl", hash = "sha256:56f841b6f2f7a8b2d3051b9ceebd478599dbea3c8d1de8fb9333c895d0c1eea5", size = 3132702, upload-time = "2025-03-07T03:39:55.513Z" },
    { url = "https://files.pythonhosted.org/packages/23/5f/dcdec890d76d3a6da4706667f8a6f192ff0b87afa20a4ef8d42cfb2e4e9f/pycurl-7.45.6-cp313-cp313-macosx_10_13_x86_64.whl", hash = "sha256:7c09b7180799af70fc1d4eed580cfb1b9f34fda9081f73a3e3bc9a0e5a4c0e9b", size = 3499049, upload-time = "2025-03-07T03:39:57.152Z" },
    { url = "https://files.pythonhosted.org/packages/89/1a/7d16ddecb88e1bff744dbdb3dcddbcdbe1925af739f5dd41812ca65ed3b2/pycurl-7.45.6-cp313-cp313-macosx_11_0_arm64.whl", hash = "sha256:361bf94b2a057c7290f9ab84e935793ca515121fc012f4b6bef6c3b5e4ea4397", size = 3640534, upload-time = "2025-03-07T03:39:58.966Z" },
    { url = "https://files.pythonhosted.org/packages/e4/af/f915a8984edb8b7fc3a8e5680f39ea09a10bea0c3582cd2d19dc1adfd951/pycurl-7.45.6-cp313-cp313-manylinux_2_28_aarch64.whl", hash = "sha256:bb9eff0c7794af972da769a887c87729f1bcd8869297b1c01a2732febbb75876", size = 4893877, upload-time = "2025-03-07T03:40:01.154Z" },
    { url = "https://files.pythonhosted.org/packages/4e/12/9c167d44f306d0e2983fa1d8d4fe2e3e7e74801738372147e4175e58dbdf/pycurl-7.45.6-cp313-cp313-manylinux_2_28_x86_64.whl", hash = "sha256:26839d43dc7fff6b80e0067f185cc1d0e9be2ae6e2e2361ae8488cead5901c04", size = 4577117, upload-time = "2025-03-07T03:40:03.397Z" },
    { url = "https://files.pythonhosted.org/packages/77/59/fe0fe11c2d8ceef9b5f40b244c76da6bd1906e78be4e7d239144c3e88763/pycurl-7.45.6-cp313-cp313-win32.whl", hash = "sha256:a721c2696a71b1aa5ecf82e6d0ade64bc7211b7317f1c9c66e82f82e2264d8b4", size = 2605142, upload-time = "2025-03-07T03:40:05.042Z" },
    { url = "https://files.pythonhosted.org/packages/b3/54/2c252485aac80150aef1de69b95fa7885b74e3ae1911b67b962e07e8b9aa/pycurl-7.45.6-cp313-cp313-win_amd64.whl", hash = "sha256:f0198ebcda8686b3a0c66d490a687fa5fd466f8ecc2f20a0ed0931579538ae3d", size = 3132790, upload-time = "2025-03-07T03:40:06.709Z" },
]

[[package]]
name = "pygments"
version = "2.19.1"
source = { registry = "https://pypi.org/simple" }
sdist = { url = "https://files.pythonhosted.org/packages/7c/2d/c3338d48ea6cc0feb8446d8e6937e1408088a72a39937982cc6111d17f84/pygments-2.19.1.tar.gz", hash = "sha256:61c16d2a8576dc0649d9f39e089b5f02bcd27fba10d8fb4dcc28173f7a45151f", size = 4968581, upload-time = "2025-01-06T17:26:30.443Z" }
wheels = [
    { url = "https://files.pythonhosted.org/packages/8a/0b/9fcc47d19c48b59121088dd6da2488a49d5f72dacf8262e2790a1d2c7d15/pygments-2.19.1-py3-none-any.whl", hash = "sha256:9ea1544ad55cecf4b8242fab6dd35a93bbce657034b0611ee383099054ab6d8c", size = 1225293, upload-time = "2025-01-06T17:26:25.553Z" },
]

[[package]]
name = "pysocks"
version = "1.7.1"
source = { registry = "https://pypi.org/simple" }
sdist = { url = "https://files.pythonhosted.org/packages/bd/11/293dd436aea955d45fc4e8a35b6ae7270f5b8e00b53cf6c024c83b657a11/PySocks-1.7.1.tar.gz", hash = "sha256:3f8804571ebe159c380ac6de37643bb4685970655d3bba243530d6558b799aa0", size = 284429, upload-time = "2019-09-20T02:07:35.714Z" }
wheels = [
    { url = "https://files.pythonhosted.org/packages/8d/59/b4572118e098ac8e46e399a1dd0f2d85403ce8bbaad9ec79373ed6badaf9/PySocks-1.7.1-py3-none-any.whl", hash = "sha256:2725bd0a9925919b9b51739eea5f9e2bae91e83288108a9ad338b2e3a4435ee5", size = 16725, upload-time = "2019-09-20T02:06:22.938Z" },
]

[[package]]
name = "requests"
version = "2.32.3"
source = { registry = "https://pypi.org/simple" }
dependencies = [
    { name = "certifi" },
    { name = "charset-normalizer" },
    { name = "idna" },
    { name = "urllib3" },
]
sdist = { url = "https://files.pythonhosted.org/packages/63/70/2bf7780ad2d390a8d301ad0b550f1581eadbd9a20f896afe06353c2a2913/requests-2.32.3.tar.gz", hash = "sha256:55365417734eb18255590a9ff9eb97e9e1da868d4ccd6402399eaf68af20a760", size = 131218, upload-time = "2024-05-29T15:37:49.536Z" }
wheels = [
    { url = "https://files.pythonhosted.org/packages/f9/9b/335f9764261e915ed497fcdeb11df5dfd6f7bf257d4a6a2a686d80da4d54/requests-2.32.3-py3-none-any.whl", hash = "sha256:70761cfe03c773ceb22aa2f671b4757976145175cdfca038c02654d061d6dcc6", size = 64928, upload-time = "2024-05-29T15:37:47.027Z" },
]

[package.optional-dependencies]
socks = [
    { name = "pysocks" },
]

[[package]]
name = "requests-toolbelt"
version = "1.0.0"
source = { registry = "https://pypi.org/simple" }
dependencies = [
    { name = "requests" },
]
sdist = { url = "https://files.pythonhosted.org/packages/f3/61/d7545dafb7ac2230c70d38d31cbfe4cc64f7144dc41f6e4e4b78ecd9f5bb/requests-toolbelt-1.0.0.tar.gz", hash = "sha256:7681a0a3d047012b5bdc0ee37d7f8f07ebe76ab08caeccfc3921ce23c88d5bc6", size = 206888, upload-time = "2023-05-01T04:11:33.229Z" }
wheels = [
    { url = "https://files.pythonhosted.org/packages/3f/51/d4db610ef29373b879047326cbf6fa98b6c1969d6f6dc423279de2b1be2c/requests_toolbelt-1.0.0-py2.py3-none-any.whl", hash = "sha256:cccfdd665f0a24fcf4726e690f65639d272bb0637b9b92dfd91a5568ccf6bd06", size = 54481, upload-time = "2023-05-01T04:11:28.427Z" },
]

[[package]]
name = "rich"
version = "14.0.0"
source = { registry = "https://pypi.org/simple" }
dependencies = [
    { name = "markdown-it-py" },
    { name = "pygments" },
]
sdist = { url = "https://files.pythonhosted.org/packages/a1/53/830aa4c3066a8ab0ae9a9955976fb770fe9c6102117c8ec4ab3ea62d89e8/rich-14.0.0.tar.gz", hash = "sha256:82f1bc23a6a21ebca4ae0c45af9bdbc492ed20231dcb63f297d6d1021a9d5725", size = 224078, upload-time = "2025-03-30T14:15:14.23Z" }
wheels = [
    { url = "https://files.pythonhosted.org/packages/0d/9b/63f4c7ebc259242c89b3acafdb37b41d1185c07ff0011164674e9076b491/rich-14.0.0-py3-none-any.whl", hash = "sha256:1c9491e1951aac09caffd42f448ee3d04e58923ffe14993f6e83068dc395d7e0", size = 243229, upload-time = "2025-03-30T14:15:12.283Z" },
]

[[package]]
name = "setuptools"
version = "80.9.0"
source = { registry = "https://pypi.org/simple" }
sdist = { url = "https://files.pythonhosted.org/packages/18/5d/3bf57dcd21979b887f014ea83c24ae194cfcd12b9e0fda66b957c69d1fca/setuptools-80.9.0.tar.gz", hash = "sha256:f36b47402ecde768dbfafc46e8e4207b4360c654f1f3bb84475f0a28628fb19c", size = 1319958, upload-time = "2025-05-27T00:56:51.443Z" }
wheels = [
    { url = "https://files.pythonhosted.org/packages/a3/dc/17031897dae0efacfea57dfd3a82fdd2a2aeb58e0ff71b77b87e44edc772/setuptools-80.9.0-py3-none-any.whl", hash = "sha256:062d34222ad13e0cc312a4c02d73f059e86a4acbfbdea8f8f76b28c99f306922", size = 1201486, upload-time = "2025-05-27T00:56:49.664Z" },
]

[[package]]
name = "structlog"
version = "25.3.0"
source = { registry = "https://pypi.org/simple" }
sdist = { url = "https://files.pythonhosted.org/packages/ff/6a/b0b6d440e429d2267076c4819300d9929563b1da959cf1f68afbcd69fe45/structlog-25.3.0.tar.gz", hash = "sha256:8dab497e6f6ca962abad0c283c46744185e0c9ba900db52a423cb6db99f7abeb", size = 1367514, upload-time = "2025-04-25T16:00:39.167Z" }
wheels = [
    { url = "https://files.pythonhosted.org/packages/f5/52/7a2c7a317b254af857464da3d60a0d3730c44f912f8c510c76a738a207fd/structlog-25.3.0-py3-none-any.whl", hash = "sha256:a341f5524004c158498c3127eecded091eb67d3a611e7a3093deca30db06e172", size = 68240, upload-time = "2025-04-25T16:00:37.295Z" },
]

[[package]]
name = "tornado"
version = "6.5.1"
source = { registry = "https://pypi.org/simple" }
sdist = { url = "https://files.pythonhosted.org/packages/51/89/c72771c81d25d53fe33e3dca61c233b665b2780f21820ba6fd2c6793c12b/tornado-6.5.1.tar.gz", hash = "sha256:84ceece391e8eb9b2b95578db65e920d2a61070260594819589609ba9bc6308c", size = 509934, upload-time = "2025-05-22T18:15:38.788Z" }
wheels = [
    { url = "https://files.pythonhosted.org/packages/77/89/f4532dee6843c9e0ebc4e28d4be04c67f54f60813e4bf73d595fe7567452/tornado-6.5.1-cp39-abi3-macosx_10_9_universal2.whl", hash = "sha256:d50065ba7fd11d3bd41bcad0825227cc9a95154bad83239357094c36708001f7", size = 441948, upload-time = "2025-05-22T18:15:20.862Z" },
    { url = "https://files.pythonhosted.org/packages/15/9a/557406b62cffa395d18772e0cdcf03bed2fff03b374677348eef9f6a3792/tornado-6.5.1-cp39-abi3-macosx_10_9_x86_64.whl", hash = "sha256:9e9ca370f717997cb85606d074b0e5b247282cf5e2e1611568b8821afe0342d6", size = 440112, upload-time = "2025-05-22T18:15:22.591Z" },
    { url = "https://files.pythonhosted.org/packages/55/82/7721b7319013a3cf881f4dffa4f60ceff07b31b394e459984e7a36dc99ec/tornado-6.5.1-cp39-abi3-manylinux_2_17_aarch64.manylinux2014_aarch64.whl", hash = "sha256:b77e9dfa7ed69754a54c89d82ef746398be82f749df69c4d3abe75c4d1ff4888", size = 443672, upload-time = "2025-05-22T18:15:24.027Z" },
    { url = "https://files.pythonhosted.org/packages/7d/42/d11c4376e7d101171b94e03cef0cbce43e823ed6567ceda571f54cf6e3ce/tornado-6.5.1-cp39-abi3-manylinux_2_5_i686.manylinux1_i686.manylinux_2_17_i686.manylinux2014_i686.whl", hash = "sha256:253b76040ee3bab8bcf7ba9feb136436a3787208717a1fb9f2c16b744fba7331", size = 443019, upload-time = "2025-05-22T18:15:25.735Z" },
    { url = "https://files.pythonhosted.org/packages/7d/f7/0c48ba992d875521ac761e6e04b0a1750f8150ae42ea26df1852d6a98942/tornado-6.5.1-cp39-abi3-manylinux_2_5_x86_64.manylinux1_x86_64.manylinux_2_17_x86_64.manylinux2014_x86_64.whl", hash = "sha256:308473f4cc5a76227157cdf904de33ac268af770b2c5f05ca6c1161d82fdd95e", size = 443252, upload-time = "2025-05-22T18:15:27.499Z" },
    { url = "https://files.pythonhosted.org/packages/89/46/d8d7413d11987e316df4ad42e16023cd62666a3c0dfa1518ffa30b8df06c/tornado-6.5.1-cp39-abi3-musllinux_1_2_aarch64.whl", hash = "sha256:caec6314ce8a81cf69bd89909f4b633b9f523834dc1a352021775d45e51d9401", size = 443930, upload-time = "2025-05-22T18:15:29.299Z" },
    { url = "https://files.pythonhosted.org/packages/78/b2/f8049221c96a06df89bed68260e8ca94beca5ea532ffc63b1175ad31f9cc/tornado-6.5.1-cp39-abi3-musllinux_1_2_i686.whl", hash = "sha256:13ce6e3396c24e2808774741331638ee6c2f50b114b97a55c5b442df65fd9692", size = 443351, upload-time = "2025-05-22T18:15:31.038Z" },
    { url = "https://files.pythonhosted.org/packages/76/ff/6a0079e65b326cc222a54720a748e04a4db246870c4da54ece4577bfa702/tornado-6.5.1-cp39-abi3-musllinux_1_2_x86_64.whl", hash = "sha256:5cae6145f4cdf5ab24744526cc0f55a17d76f02c98f4cff9daa08ae9a217448a", size = 443328, upload-time = "2025-05-22T18:15:32.426Z" },
    { url = "https://files.pythonhosted.org/packages/49/18/e3f902a1d21f14035b5bc6246a8c0f51e0eef562ace3a2cea403c1fb7021/tornado-6.5.1-cp39-abi3-win32.whl", hash = "sha256:e0a36e1bc684dca10b1aa75a31df8bdfed656831489bc1e6a6ebed05dc1ec365", size = 444396, upload-time = "2025-05-22T18:15:34.205Z" },
    { url = "https://files.pythonhosted.org/packages/7b/09/6526e32bf1049ee7de3bebba81572673b19a2a8541f795d887e92af1a8bc/tornado-6.5.1-cp39-abi3-win_amd64.whl", hash = "sha256:908e7d64567cecd4c2b458075589a775063453aeb1d2a1853eedb806922f568b", size = 444840, upload-time = "2025-05-22T18:15:36.1Z" },
    { url = "https://files.pythonhosted.org/packages/55/a7/535c44c7bea4578e48281d83c615219f3ab19e6abc67625ef637c73987be/tornado-6.5.1-cp39-abi3-win_arm64.whl", hash = "sha256:02420a0eb7bf617257b9935e2b754d1b63897525d8a289c9d65690d580b4dcf7", size = 443596, upload-time = "2025-05-22T18:15:37.433Z" },
]

[[package]]
name = "urllib3"
version = "2.4.0"
source = { registry = "https://pypi.org/simple" }
sdist = { url = "https://files.pythonhosted.org/packages/8a/78/16493d9c386d8e60e442a35feac5e00f0913c0f4b7c217c11e8ec2ff53e0/urllib3-2.4.0.tar.gz", hash = "sha256:414bc6535b787febd7567804cc015fee39daab8ad86268f1310a9250697de466", size = 390672, upload-time = "2025-04-10T15:23:39.232Z" }
wheels = [
    { url = "https://files.pythonhosted.org/packages/6b/11/cc635220681e93a0183390e26485430ca2c7b5f9d33b15c74c2861cb8091/urllib3-2.4.0-py3-none-any.whl", hash = "sha256:4e16665048960a0900c702d4a66415956a584919c03361cac9f1df5c5dd7e813", size = 128680, upload-time = "2025-04-10T15:23:37.377Z" },
]
