version = 1
revision = 3
requires-python = ">=3.14"

[[package]]
name = "suyoratex"
version = "0.1.0"
source = { virtual = "." }
dependencies = [
    { name = "pymupdf" },
    { name = "pyqt6" },
]

[package.metadata]
requires-dist = [
    { name = "pymupdf", specifier = ">=1.27.2.3" },
    { name = "pyqt6", specifier = ">=6.11.0" },
]

[[package]]
name = "pymupdf"
version = "1.27.2.3"
source = { registry = "https://pypi.org/simple" }
sdist = { url = "https://files.pythonhosted.org/packages/22/32/708bedc9dde7b328d45abbc076091769d44f2f24ad151ad92d56a6ec142b/pymupdf-1.27.2.3.tar.gz", hash = "sha256:7a92faa25129e8bbec5e50eeb9214f187665428c31b05c4ef6e36c58c0b1c6d2", size = 85759618, upload-time = "2026-04-24T14:13:14.42Z" }
wheels = [
    { url = "https://files.pythonhosted.org/packages/dc/09/ddbdfa7ee91fbabd6f63d7d744884cbdfe3e7ff9b8604749fb38bddf5c5d/pymupdf-1.27.2.3-cp310-abi3-macosx_10_9_x86_64.whl", hash = "sha256:fc1bc3cae6e9e150b0dbb0a9221bdfd411d65f0db2fe359eaa22467d7cc2a05f", size = 24002636, upload-time = "2026-04-24T14:09:17.459Z" },
    { url = "https://files.pythonhosted.org/packages/01/89/3f8edd6c4f50ca370e2a2f2a3011face36f3760728ffe76dffec91c0fca0/pymupdf-1.27.2.3-cp310-abi3-macosx_11_0_arm64.whl", hash = "sha256:660d93cb6da5bbddf11d3982ae27745dd3a9902d9f24cdb69adab83962294b5a", size = 23278238, upload-time = "2026-04-24T14:09:32.882Z" },
    { url = "https://files.pythonhosted.org/packages/c3/26/b7e5a70eb83bd189f8b5df87ec442746b992f2f632662839b288170d357d/pymupdf-1.27.2.3-cp310-abi3-manylinux_2_28_aarch64.whl", hash = "sha256:1dd460a3ae4597a755f00a3bd9771f5ebf1531dc111f6a36bf05dd00a6b84425", size = 24333923, upload-time = "2026-04-24T14:09:47.341Z" },
    { url = "https://files.pythonhosted.org/packages/e4/a0/aa1ee2240f29481a04a827c313333b4ecd8a14d6ac3e15d3f41a30574781/pymupdf-1.27.2.3-cp310-abi3-manylinux_2_28_x86_64.whl", hash = "sha256:857842b4888827bd6155a1131341b2822a7ebe9a8c15a975fd7d490d7a64a30c", size = 24963198, upload-time = "2026-04-24T14:10:07.408Z" },
    { url = "https://files.pythonhosted.org/packages/69/49/4f742451f980840829fc00ba158bebb25d389c846d8f4f8c65936ee55de8/pymupdf-1.27.2.3-cp310-abi3-musllinux_1_2_x86_64.whl", hash = "sha256:580983849c64a08d08344ca3d1580e87c01f046a8392421797bc850efd72a5b6", size = 25184609, upload-time = "2026-04-24T14:10:22.911Z" },
    { url = "https://files.pythonhosted.org/packages/f6/3f/3853d6608f394faf6eec2bd4e8ea9f6a00beea329b071abdb29f4164cc3d/pymupdf-1.27.2.3-cp310-abi3-win32.whl", hash = "sha256:a5c1088a87189891a4946ab314a14b7934ac4c5b6077f7e74ebee956f8906d0e", size = 18019286, upload-time = "2026-04-24T14:10:34.239Z" },
    { url = "https://files.pythonhosted.org/packages/44/47/5fb10fe73f96b31253a41647c362ea9e0380920bddf16028414a051247fc/pymupdf-1.27.2.3-cp310-abi3-win_amd64.whl", hash = "sha256:d20f68ef15195e073071dbc4ae7455257c7889af7584e39df490c0a92728526e", size = 19249102, upload-time = "2026-04-24T14:10:46.72Z" },
    { url = "https://files.pythonhosted.org/packages/53/a4/b9e91aac82293f9c954654c85581ee8212b5b05efadc534b581141241e6f/pymupdf-1.27.2.3-cp314-cp314t-manylinux_2_28_x86_64.whl", hash = "sha256:77691604c5d1d0233827139bbcdea61fd57879c84712b8e49b1f45520f7ab9c2", size = 25000393, upload-time = "2026-04-24T14:11:01.669Z" },
]

[[package]]
name = "pyqt6"
version = "6.11.0"
source = { registry = "https://pypi.org/simple" }
dependencies = [
    { name = "pyqt6-qt6" },
    { name = "pyqt6-sip" },
]
sdist = { url = "https://files.pythonhosted.org/packages/8b/47/b25c13eca5bebc6505394d0223e46d7ebf0c57dcac2ed908d7d19b18ab6b/pyqt6-6.11.0.tar.gz", hash = "sha256:45dd60aa69976de1918b5ced6b4e7b6a25abd2a919ecef5fd5826ecc76718889", size = 1087430, upload-time = "2026-03-30T09:16:13.543Z" }
wheels = [
    { url = "https://files.pythonhosted.org/packages/33/44/fcd3dd3f64c83c96bf9bce76ec16cca64bd9b91702c3d08fd8e3dafc73d9/pyqt6-6.11.0-cp310-abi3-macosx_10_14_universal2.whl", hash = "sha256:f7100bc7f72b12581ec479a733f4ad11b8002668e6786e8a445ab6f4d1c743d4", size = 12429735, upload-time = "2026-03-30T09:16:03.713Z" },
    { url = "https://files.pythonhosted.org/packages/c3/a0/bd1399740dfa80c0a94d20b02d89962a31458233dcf70eaa09bfbccf3d0f/pyqt6-6.11.0-cp310-abi3-manylinux_2_34_x86_64.whl", hash = "sha256:8555277989fa7d114cb3c3443fd261d566909f7268ceedd41d93a5f02d37ec05", size = 8334632, upload-time = "2026-03-30T09:16:06.066Z" },
    { url = "https://files.pythonhosted.org/packages/d3/db/425b184ac2430ba1978bb507ffd285ec007a872644e2ae5df13332dbcb05/pyqt6-6.11.0-cp310-abi3-manylinux_2_39_aarch64.whl", hash = "sha256:0734959955adde095af9a074213a7f73386d1bbbddfc27346b4c0621641a692e", size = 8321484, upload-time = "2026-03-30T09:16:08.135Z" },
    { url = "https://files.pythonhosted.org/packages/6f/85/dd9f03d78d87460e109e0121cd6201c5802bdd655656bf2780e964870fea/pyqt6-6.11.0-cp310-abi3-win_amd64.whl", hash = "sha256:bd11b459c54dca068e988a42cf838303334f0d441b9d16d92ae6719fcb5ac6ba", size = 6844358, upload-time = "2026-03-30T09:16:09.766Z" },
    { url = "https://files.pythonhosted.org/packages/cd/75/970b041bde4372cc6739c5ef9db1de83a6b36e788e4992e598baa35b2255/pyqt6-6.11.0-cp310-abi3-win_arm64.whl", hash = "sha256:b6324e3501b19b4292c7a55b1f22e82d3e80e519e383ce4fe79b4a754c6f0288", size = 5933984, upload-time = "2026-03-30T09:16:11.817Z" },
]

[[package]]
name = "pyqt6-qt6"
version = "6.11.1"
source = { registry = "https://pypi.org/simple" }
wheels = [
    { url = "https://files.pythonhosted.org/packages/38/cb/ef930289bcd3b4be77a619d6b89ccdd0f53d753053a45f69ed590fd49777/pyqt6_qt6-6.11.1-py3-none-macosx_10_14_x86_64.whl", hash = "sha256:694486f18b7ab9b1edcdb50e0c9f5cb726e096107da90ae7b0e810f18e2002b3", size = 70402836, upload-time = "2026-05-15T11:18:24.893Z" },
    { url = "https://files.pythonhosted.org/packages/09/7d/d016af2de1975a0d90c9a911e3d82b2e8c8fe899f8af746ade42186f3845/pyqt6_qt6-6.11.1-py3-none-macosx_11_0_arm64.whl", hash = "sha256:fd05b31a3c83111b6eb82bb472ccfe531ef823f70d085b82fd1edc5ad2553c54", size = 64167714, upload-time = "2026-05-15T11:18:48.848Z" },
    { url = "https://files.pythonhosted.org/packages/e1/be/21d0df9bde717131f4245f8801676120d466afe198c4641c9e4982cf85fe/pyqt6_qt6-6.11.1-py3-none-manylinux_2_34_x86_64.whl", hash = "sha256:254af349e0ef4b2fa581f86ee9d65eb797bb1d4f0c01ae5ceaa7b2446b458be9", size = 85897589, upload-time = "2026-05-15T11:19:21.864Z" },
    { url = "https://files.pythonhosted.org/packages/08/69/f6b9cafceed9790c62a7ca3044562d38545bbfcfaf222846482ac2f9bd56/pyqt6_qt6-6.11.1-py3-none-manylinux_2_39_aarch64.whl", hash = "sha256:039b1ab619d63d06a87cacf84b581a2b61a30c9ad5bb677553e738afe4dc433a", size = 84996419, upload-time = "2026-05-15T11:19:52.647Z" },
    { url = "https://files.pythonhosted.org/packages/fa/f1/70e83c23bf897c7f5025aa100482f482038ef70232dc27b407659d941fbf/pyqt6_qt6-6.11.1-py3-none-win_amd64.whl", hash = "sha256:7486c80512e823f2d3087e67f854f0556b345f4368040a853c8dc4d30fd3fe69", size = 78416766, upload-time = "2026-05-15T11:20:20.588Z" },
    { url = "https://files.pythonhosted.org/packages/93/b0/9183ec9c206a0c3cba5719f0911e88a3486167137456a0f9318f07ce000d/pyqt6_qt6-6.11.1-py3-none-win_arm64.whl", hash = "sha256:120efbedf833e5bbbc3d64ebdb139b44ff34e60f34410c7b1c2c26d230380bda", size = 59961004, upload-time = "2026-05-15T11:20:49.065Z" },
]

[[package]]
name = "pyqt6-sip"
version = "13.11.1"
source = { registry = "https://pypi.org/simple" }
sdist = { url = "https://files.pythonhosted.org/packages/90/24/a753e1af94b9ae5b2da63d4598457308da3cdbf0838c959381db086ccc86/pyqt6_sip-13.11.1.tar.gz", hash = "sha256:869c5b48afe38e55b1ee0dd72182b0886e968cc509b98023ff50010b013ce1be", size = 92574, upload-time = "2026-03-09T13:01:35.418Z" }
wheels = [
    { url = "https://files.pythonhosted.org/packages/20/1d/62c633faedef5bb3b8c7486a72e8a6466adaa2a14efcfccf85bb23426748/pyqt6_sip-13.11.1-cp314-cp314-macosx_10_15_universal2.whl", hash = "sha256:cb931c1af45294bbe8039c5cfda184e3023f5dc766fc884964010eedd8fd85db", size = 112678, upload-time = "2026-03-09T13:01:28.15Z" },
    { url = "https://files.pythonhosted.org/packages/03/72/5a3d9ffef0caa7e1bc7a35d6300f6099bfccd1d8a485b4320ba20013a2d9/pyqt6_sip-13.11.1-cp314-cp314-manylinux1_x86_64.manylinux_2_5_x86_64.whl", hash = "sha256:353d613129316e9f7eda6bbe821deb7b7ffa14483499189171fd8a246873f9ac", size = 299560, upload-time = "2026-03-09T13:01:32.134Z" },
    { url = "https://files.pythonhosted.org/packages/98/f4/886f901f1e04da717a11e180ba19a9c7fc62da170966d57206006f173bda/pyqt6_sip-13.11.1-cp314-cp314-manylinux_2_17_aarch64.manylinux2014_aarch64.whl", hash = "sha256:fcadd68e09ee24cdda8f8bfcba52e59c9b297055d2c450f0eb89afa61a8dc31a", size = 321846, upload-time = "2026-03-09T13:01:29.817Z" },
    { url = "https://files.pythonhosted.org/packages/96/f2/b68fd566f7f86dbb53d933489e70487cabaea0e0161690e4899653bbc7fb/pyqt6_sip-13.11.1-cp314-cp314-win_amd64.whl", hash = "sha256:581e287bf42587593b88b30d9db06ed0fccbf40f345a5bd3ec3f00a5692e2430", size = 55055, upload-time = "2026-03-09T13:01:33.467Z" },
    { url = "https://files.pythonhosted.org/packages/8d/42/efb7ced69f7d1d31eb8f19b2d778aeb182be7e070569d02b9057ac478e3e/pyqt6_sip-13.11.1-cp314-cp314-win_arm64.whl", hash = "sha256:42b62530a9b6a9c6e29c2941b8ab78258652da0aeae4eb1fc9a0631d19a7a7b2", size = 49597, upload-time = "2026-03-09T13:01:34.49Z" },
]
